github.com/Prague-Kino/cast v0.0.0-20260523183130-a3e6497c63b9 h1:Xi8Yr+30g7Ty2mpekI3d4ctAjf58pNLmguregJ4cXyQ=
github.com/Prague-Kino/cast v0.0.0-20260523183130-a3e6497c63b9/go.mod h1:v8bq8A5RyqauGVkATitDogpH+Z97fgwyzKxyesVIF08=
github.com/Prague-Kino/cast v0.0.0-20260523185616-8a71d8b20b00 h1:n3zBWb1wbrlymfMUeoGYvTNshGSuNIh9zLPaToNlNcY=
github.com/Prague-Kino/cast v0.0.0-20260523185616-8a71d8b20b00/go.mod h1:v8bq8A5RyqauGVkATitDogpH+Z97fgwyzKxyesVIF08=
github.com/joho/godotenv v1.5.1 h1:7eLL/+HRGLY0ldzfGMeQkb7vMd0as4CfYvUVzLqw0N0=
github.com/joho/godotenv v1.5.1/go.mod h1:f4LDr5Voq0i2e/R5DDNOoa2zzDfwtkZa6DnEwAbqwq4=
